# This file is automatically @generated by Cargo.
# It is not intended for manual editing.
version = 3

[[package]]
name = "cc"
version = "1.0.73"
source = "registry+https://github.com/rust-lang/crates.io-index"
checksum = "2fff2a6927b3bb87f9595d67196a70493f627687a71d87a0d692242c33f58c11"

[[package]]
name = "rust-clock-gettime-benchmark"
version = "0.1.0"
dependencies = [
 "tsc",
]

[[package]]
name = "tsc"
version = "0.1.0"
source = "registry+https://github.com/rust-lang/crates.io-index"
checksum = "530441b778cf16a3b084eaf4c7fa78392872eb5576dfb10c7e00830a9a25aa47"
dependencies = [
 "cc",
]
